
Microsoft Visual Studio Solution File, Format Version 12.00
# Visual Studio Version 17
VisualStudioVersion = 17.4.33110.190
MinimumVisualStudioVersion = 10.0.40219.1
Project("{9A19103F-16F7-4668-BE54-9A1E7A4F7556}") = "Persistencia", "Persistencia\Persistencia.csproj", "{74856181-344C-4F8C-BD32-9017CBF52DBF}"
EndProject
Project("{2150E333-8FDC-42A3-9474-1A3956D46DE8}") = "Solution Items", "Solution Items", "{13AF176B-34EC-4C8A-B6CE-543CB371FD4D}"
	ProjectSection(SolutionItems) = preProject
		Script Banco.sql = Script Banco.sql
	EndProjectSection
EndProject
Project("{9A19103F-16F7-4668-BE54-9A1E7A4F7556}") = "WebApplication", "WebApplication\WebApplication.csproj", "{C750ACB1-89ED-4E25-BA8C-FEA9763747EB}"
EndProject
Global
	GlobalSection(SolutionConfigurationPlatforms) = preSolution
		Debug|Any CPU = Debug|Any CPU
		Release|Any CPU = Release|Any CPU
	EndGlobalSection
	GlobalSection(ProjectConfigurationPlatforms) = postSolution
		{74856181-344C-4F8C-BD32-9017CBF52DBF}.Debug|Any CPU.ActiveCfg = Debug|Any CPU
		{74856181-344C-4F8C-BD32-9017CBF52DBF}.Debug|Any CPU.Build.0 = Debug|Any CPU
		{74856181-344C-4F8C-BD32-9017CBF52DBF}.Release|Any CPU.ActiveCfg = Release|Any CPU
		{74856181-344C-4F8C-BD32-9017CBF52DBF}.Release|Any CPU.Build.0 = Release|Any CPU
		{C750ACB1-89ED-4E25-BA8C-FEA9763747EB}.Debug|Any CPU.ActiveCfg = Debug|Any CPU
		{C750ACB1-89ED-4E25-BA8C-FEA9763747EB}.Debug|Any CPU.Build.0 = Debug|Any CPU
		{C750ACB1-89ED-4E25-BA8C-FEA9763747EB}.Release|Any CPU.ActiveCfg = Release|Any CPU
		{C750ACB1-89ED-4E25-BA8C-FEA9763747EB}.Release|Any CPU.Build.0 = Release|Any CPU
	EndGlobalSection
	GlobalSection(SolutionProperties) = preSolution
		HideSolutionNode = FALSE
	EndGlobalSection
	GlobalSection(ExtensibilityGlobals) = postSolution
		SolutionGuid = {2EA6ED61-9B35-4551-A53E-88EF8DEF0432}
	EndGlobalSection
EndGlobal
